// !$*UTF8*$!
{
	archiveVersion = 1;
	classes = {
	};
	objectVersion = 46;
	objects = {

/* Begin PBXBuildFile section */
		3D7330451E166C38000B3C6B /* Metal.framework in Frameworks */ = {isa = PBXBuildFile; fileRef = 3D7330431E166C38000B3C6B /* Metal.framework */; };
		3D7330461E166C38000B3C6B /* MetalKit.framework in Frameworks */ = {isa = PBXBuildFile; fileRef = 3D7330441E166C38000B3C6B /* MetalKit.framework */; };
		3D7330481E166D8C000B3C6B /* AppDelegate.mm in Sources */ = {isa = PBXBuildFile; fileRef = 3D7330471E166D8C000B3C6B /* AppDelegate.mm */; };
		3D74DEDE1E166ADE0047A560 /* main.m in Sources */ = {isa = PBXBuildFile; fileRef = 3D74DEDD1E166ADE0047A560 /* main.m */; };
		3D74DEE01E166ADE0047A560 /* Assets.xcassets in Resources */ = {isa = PBXBuildFile; fileRef = 3D74DEDF1E166ADE0047A560 /* Assets.xcassets */; };
		3D74DEE31E166ADE0047A560 /* MainMenu.xib in Resources */ = {isa = PBXBuildFile; fileRef = 3D74DEE11E166ADE0047A560 /* MainMenu.xib */; };
		3D74DEF01E166B290047A560 /* AAPLTransforms.mm in Sources */ = {isa = PBXBuildFile; fileRef = 3D74DEEC1E166B290047A560 /* AAPLTransforms.mm */; };
		3D74DEF11E166B290047A560 /* MetalViewDelegate.mm in Sources */ = {isa = PBXBuildFile; fileRef = 3D74DEEE1E166B290047A560 /* MetalViewDelegate.mm */; };
		3D74DEF21E166B290047A560 /* shaders.metal in Sources */ = {isa = PBXBuildFile; fileRef = 3D74DEEF1E166B290047A560 /* shaders.metal */; };
/* End PBXBuildFile section */

/* Begin PBXFileReference section */
		3D7330431E166C38000B3C6B /* Metal.framework */ = {isa = PBXFileReference; lastKnownFileType = wrapper.framework; name = Metal.framework; path = System/Library/Frameworks/Metal.framework; sourceTree = SDKROOT; };
		3D7330441E166C38000B3C6B /* MetalKit.framework */ = {isa = PBXFileReference; lastKnownFileType = wrapper.framework; name = MetalKit.framework; path = System/Library/Frameworks/MetalKit.framework; sourceTree = SDKROOT; };
		3D7330471E166D8C000B3C6B /* AppDelegate.mm */ = {isa = PBXFileReference; fileEncoding = 4; lastKnownFileType = sourcecode.cpp.objcpp; path = AppDelegate.mm; sourceTree = "<group>"; };
		3D74DED61E166ADE0047A560 /* metal polaris multipasses depth buffer.app */ = {isa = PBXFileReference; explicitFileType = wrapper.application; includeInIndex = 0; path = "metal polaris multipasses depth buffer.app"; sourceTree = BUILT_PRODUCTS_DIR; };
		3D74DED91E166ADE0047A560 /* AppDelegate.h */ = {isa = PBXFileReference; lastKnownFileType = sourcecode.c.h; path = AppDelegate.h; sourceTree = "<group>"; };
		3D74DEDD1E166ADE0047A560 /* main.m */ = {isa = PBXFileReference; lastKnownFileType = sourcecode.c.objc; path = main.m; sourceTree = "<group>"; };
		3D74DEDF1E166ADE0047A560 /* Assets.xcassets */ = {isa = PBXFileReference; lastKnownFileType = folder.assetcatalog; path = Assets.xcassets; sourceTree = "<group>"; };
		3D74DEE21E166ADE0047A560 /* Base */ = {isa = PBXFileReference; lastKnownFileType = file.xib; name = Base; path = Base.lproj/MainMenu.xib; sourceTree = "<group>"; };
		3D74DEE41E166ADE0047A560 /* Info.plist */ = {isa = PBXFileReference; lastKnownFileType = text.plist.xml; path = Info.plist; sourceTree = "<group>"; };
		3D74DEEA1E166B290047A560 /* AAPLSharedTypes.h */ = {isa = PBXFileReference; fileEncoding = 4; lastKnownFileType = sourcecode.c.h; path = AAPLSharedTypes.h; sourceTree = "<group>"; };
		3D74DEEB1E166B290047A560 /* AAPLTransforms.h */ = {isa = PBXFileReference; fileEncoding = 4; lastKnownFileType = sourcecode.c.h; path = AAPLTransforms.h; sourceTree = "<group>"; };
		3D74DEEC1E166B290047A560 /* AAPLTransforms.mm */ = {isa = PBXFileReference; fileEncoding = 4; lastKnownFileType = sourcecode.cpp.objcpp; path = AAPLTransforms.mm; sourceTree = "<group>"; };
		3D74DEED1E166B290047A560 /* MetalViewDelegate.h */ = {isa = PBXFileReference; fileEncoding = 4; lastKnownFileType = sourcecode.c.h; path = MetalViewDelegate.h; sourceTree = "<group>"; };
		3D74DEEE1E166B290047A560 /* MetalViewDelegate.mm */ = {isa = PBXFileReference; fileEncoding = 4; lastKnownFileType = sourcecode.cpp.objcpp; path = MetalViewDelegate.mm; sourceTree = "<group>"; };
		3D74DEEF1E166B290047A560 /* shaders.metal */ = {isa = PBXFileReference; fileEncoding = 4; lastKnownFileType = sourcecode.metal; path = shaders.metal; sourceTree = "<group>"; };
/* End PBXFileReference section */

/* Begin PBXFrameworksBuildPhase section */
		3D74DED31E166ADE0047A560 /* Frameworks */ = {
			isa = PBXFrameworksBuildPhase;
			buildActionMask = 2147483647;
			files = (
				3D7330451E166C38000B3C6B /* Metal.framework in Frameworks */,
				3D7330461E166C38000B3C6B /* MetalKit.framework in Frameworks */,
			);
			runOnlyForDeploymentPostprocessing = 0;
		};
/* End PBXFrameworksBuildPhase section */

/* Begin PBXGroup section */
		3D7330421E166C37000B3C6B /* Frameworks */ = {
			isa = PBXGroup;
			children = (
				3D7330431E166C38000B3C6B /* Metal.framework */,
				3D7330441E166C38000B3C6B /* MetalKit.framework */,
			);
			name = Frameworks;
			sourceTree = "<group>";
		};
		3D74DECD1E166ADE0047A560 = {
			isa = PBXGroup;
			children = (
				3D74DED81E166ADE0047A560 /* metal polaris multipasses depth buffer */,
				3D74DED71E166ADE0047A560 /* Products */,
				3D7330421E166C37000B3C6B /* Frameworks */,
			);
			sourceTree = "<group>";
		};
		3D74DED71E166ADE0047A560 /* Products */ = {
			isa = PBXGroup;
			children = (
				3D74DED61E166ADE0047A560 /* metal polaris multipasses depth buffer.app */,
			);
			name = Products;
			sourceTree = "<group>";
		};
		3D74DED81E166ADE0047A560 /* metal polaris multipasses depth buffer */ = {
			isa = PBXGroup;
			children = (
				3D74DED91E166ADE0047A560 /* AppDelegate.h */,
				3D7330471E166D8C000B3C6B /* AppDelegate.mm */,
				3D74DEEA1E166B290047A560 /* AAPLSharedTypes.h */,
				3D74DEEB1E166B290047A560 /* AAPLTransforms.h */,
				3D74DEEC1E166B290047A560 /* AAPLTransforms.mm */,
				3D74DEED1E166B290047A560 /* MetalViewDelegate.h */,
				3D74DEEE1E166B290047A560 /* MetalViewDelegate.mm */,
				3D74DEEF1E166B290047A560 /* shaders.metal */,
				3D74DEDF1E166ADE0047A560 /* Assets.xcassets */,
				3D74DEE11E166ADE0047A560 /* MainMenu.xib */,
				3D74DEE41E166ADE0047A560 /* Info.plist */,
				3D74DEDC1E166ADE0047A560 /* Supporting Files */,
			);
			path = "metal polaris multipasses depth buffer";
			sourceTree = "<group>";
		};
		3D74DEDC1E166ADE0047A560 /* Supporting Files */ = {
			isa = PBXGroup;
			children = (
				3D74DEDD1E166ADE0047A560 /* main.m */,
			);
			name = "Supporting Files";
			sourceTree = "<group>";
		};
/* End PBXGroup section */

/* Begin PBXNativeTarget section */
		3D74DED51E166ADE0047A560 /* metal polaris multipasses depth buffer */ = {
			isa = PBXNativeTarget;
			buildConfigurationList = 3D74DEE71E166ADE0047A560 /* Build configuration list for PBXNativeTarget "metal polaris multipasses depth buffer" */;
			buildPhases = (
				3D74DED21E166ADE0047A560 /* Sources */,
				3D74DED31E166ADE0047A560 /* Frameworks */,
				3D74DED41E166ADE0047A560 /* Resources */,
			);
			buildRules = (
			);
			dependencies = (
			);
			name = "metal polaris multipasses depth buffer";
			productName = "metal polaris multipasses depth buffer";
			productReference = 3D74DED61E166ADE0047A560 /* metal polaris multipasses depth buffer.app */;
			productType = "com.apple.product-type.application";
		};
/* End PBXNativeTarget section */

/* Begin PBXProject section */
		3D74DECE1E166ADE0047A560 /* Project object */ = {
			isa = PBXProject;
			attributes = {
				LastUpgradeCheck = 0820;
				ORGANIZATIONNAME = "iluac software";
				TargetAttributes = {
					3D74DED51E166ADE0047A560 = {
						CreatedOnToolsVersion = 8.2.1;
						ProvisioningStyle = Automatic;
					};
				};
			};
			buildConfigurationList = 3D74DED11E166ADE0047A560 /* Build configuration list for PBXProject "metal polaris multipasses depth buffer" */;
			compatibilityVersion = "Xcode 3.2";
			developmentRegion = English;
			hasScannedForEncodings = 0;
			knownRegions = (
				en,
				Base,
			);
			mainGroup = 3D74DECD1E166ADE0047A560;
			productRefGroup = 3D74DED71E166ADE0047A560 /* Products */;
			projectDirPath = "";
			projectRoot = "";
			targets = (
				3D74DED51E166ADE0047A560 /* metal polaris multipasses depth buffer */,
			);
		};
/* End PBXProject section */

/* Begin PBXResourcesBuildPhase section */
		3D74DED41E166ADE0047A560 /* Resources */ = {
			isa = PBXResourcesBuildPhase;
			buildActionMask = 2147483647;
			files = (
				3D74DEE01E166ADE0047A560 /* Assets.xcassets in Resources */,
				3D74DEE31E166ADE0047A560 /* MainMenu.xib in Resources */,
			);
			runOnlyForDeploymentPostprocessing = 0;
		};
/* End PBXResourcesBuildPhase section */

/* Begin PBXSourcesBuildPhase section */
		3D74DED21E166ADE0047A560 /* Sources */ = {
			isa = PBXSourcesBuildPhase;
			buildActionMask = 2147483647;
			files = (
				3D74DEF01E166B290047A560 /* AAPLTransforms.mm in Sources */,
				3D74DEF21E166B290047A560 /* shaders.metal in Sources */,
				3D74DEF11E166B290047A560 /* MetalViewDelegate.mm in Sources */,
				3D7330481E166D8C000B3C6B /* AppDelegate.mm in Sources */,
				3D74DEDE1E166ADE0047A560 /* main.m in Sources */,
			);
			runOnlyForDeploymentPostprocessing = 0;
		};
/* End PBXSourcesBuildPhase section */

/* Begin PBXVariantGroup section */
		3D74DEE11E166ADE0047A560 /* MainMenu.xib */ = {
			isa = PBXVariantGroup;
			children = (
				3D74DEE21E166ADE0047A560 /* Base */,
			);
			name = MainMenu.xib;
			sourceTree = "<group>";
		};
/* End PBXVariantGroup section */

/* Begin XCBuildConfiguration section */
		3D74DEE51E166ADE0047A560 /* Debug */ = {
			isa = XCBuildConfiguration;
			buildSettings = {
				ALWAYS_SEARCH_USER_PATHS = NO;
				CLANG_ANALYZER_NONNULL = YES;
				CLANG_CXX_LANGUAGE_STANDARD = "gnu++0x";
				CLANG_CXX_LIBRARY = "libc++";
				CLANG_ENABLE_MODULES = YES;
				CLANG_ENABLE_OBJC_ARC = YES;
				CLANG_WARN_BOOL_CONVERSION = YES;
				CLANG_WARN_CONSTANT_CONVERSION = YES;
				CLANG_WARN_DIRECT_OBJC_ISA_USAGE = YES_ERROR;
				CLANG_WARN_DOCUMENTATION_COMMENTS = YES;
				CLANG_WARN_EMPTY_BODY = YES;
				CLANG_WARN_ENUM_CONVERSION = YES;
				CLANG_WARN_INFINITE_RECURSION = YES;
				CLANG_WARN_INT_CONVERSION = YES;
				CLANG_WARN_OBJC_ROOT_CLASS = YES_ERROR;
				CLANG_WARN_SUSPICIOUS_MOVE = YES;
				CLANG_WARN_UNREACHABLE_CODE = YES;
				CLANG_WARN__DUPLICATE_METHOD_MATCH = YES;
				CODE_SIGN_IDENTITY = "-";
				COPY_PHASE_STRIP = NO;
				DEBUG_INFORMATION_FORMAT = dwarf;
				ENABLE_STRICT_OBJC_MSGSEND = YES;
				ENABLE_TESTABILITY = YES;
				GCC_C_LANGUAGE_STANDARD = gnu99;
				GCC_DYNAMIC_NO_PIC = NO;
				GCC_NO_COMMON_BLOCKS = YES;
				GCC_OPTIMIZATION_LEVEL = 0;
				GCC_PREPROCESSOR_DEFINITIONS = (
					"DEBUG=1",
					"$(inherited)",
				);
				GCC_WARN_64_TO_32_BIT_CONVERSION = YES;
				GCC_WARN_ABOUT_RETURN_TYPE = YES_ERROR;
				GCC_WARN_UNDECLARED_SELECTOR = YES;
				GCC_WARN_UNINITIALIZED_AUTOS = YES_AGGRESSIVE;
				GCC_WARN_UNUSED_FUNCTION = YES;
				GCC_WARN_UNUSED_VARIABLE = YES;
				MACOSX_DEPLOYMENT_TARGET = 10.12;
				MTL_ENABLE_DEBUG_INFO = YES;
				ONLY_ACTIVE_ARCH = YES;
				SDKROOT = macosx;
			};
			name = Debug;
		};
		3D74DEE61E166ADE0047A560 /* Release */ = {
			isa = XCBuildConfiguration;
			buildSettings = {
				ALWAYS_SEARCH_USER_PATHS = NO;
				CLANG_ANALYZER_NONNULL = YES;
				CLANG_CXX_LANGUAGE_STANDARD = "gnu++0x";
				CLANG_CXX_LIBRARY = "libc++";
				CLANG_ENABLE_MODULES = YES;
				CLANG_ENABLE_OBJC_ARC = YES;
				CLANG_WARN_BOOL_CONVERSION = YES;
				CLANG_WARN_CONSTANT_CONVERSION = YES;
				CLANG_WARN_DIRECT_OBJC_ISA_USAGE = YES_ERROR;
				CLANG_WARN_DOCUMENTATION_COMMENTS = YES;
				CLANG_WARN_EMPTY_BODY = YES;
				CLANG_WARN_ENUM_CONVERSION = YES;
				CLANG_WARN_INFINITE_RECURSION = YES;
				CLANG_WARN_INT_CONVERSION = YES;
				CLANG_WARN_OBJC_ROOT_CLASS = YES_ERROR;
				CLANG_WARN_SUSPICIOUS_MOVE = YES;
				CLANG_WARN_UNREACHABLE_CODE = YES;
				CLANG_WARN__DUPLICATE_METHOD_MATCH = YES;
				CODE_SIGN_IDENTITY = "-";
				COPY_PHASE_STRIP = NO;
				DEBUG_INFORMATION_FORMAT = "dwarf-with-dsym";
				ENABLE_NS_ASSERTIONS = NO;
				ENABLE_STRICT_OBJC_MSGSEND = YES;
				GCC_C_LANGUAGE_STANDARD = gnu99;
				GCC_NO_COMMON_BLOCKS = YES;
				GCC_WARN_64_TO_32_BIT_CONVERSION = YES;
				GCC_WARN_ABOUT_RETURN_TYPE = YES_ERROR;
				GCC_WARN_UNDECLARED_SELECTOR = YES;
				GCC_WARN_UNINITIALIZED_AUTOS = YES_AGGRESSIVE;
				GCC_WARN_UNUSED_FUNCTION = YES;
				GCC_WARN_UNUSED_VARIABLE = YES;
				MACOSX_DEPLOYMENT_TARGET = 10.12;
				MTL_ENABLE_DEBUG_INFO = NO;
				SDKROOT = macosx;
			};
			name = Release;
		};
		3D74DEE81E166ADE0047A560 /* Debug */ = {
			isa = XCBuildConfiguration;
			buildSettings = {
				ASSETCATALOG_COMPILER_APPICON_NAME = AppIcon;
				COMBINE_HIDPI_IMAGES = YES;
				INFOPLIST_FILE = "metal polaris multipasses depth buffer/Info.plist";
				LD_RUNPATH_SEARCH_PATHS = "$(inherited) @executable_path/../Frameworks";
				PRODUCT_BUNDLE_IDENTIFIER = "iluac-software.metal-polaris-multipasses-depth-buffer";
				PRODUCT_NAME = "$(TARGET_NAME)";
			};
			name = Debug;
		};
		3D74DEE91E166ADE0047A560 /* Release */ = {
			isa = XCBuildConfiguration;
			buildSettings = {
				ASSETCATALOG_COMPILER_APPICON_NAME = AppIcon;
				COMBINE_HIDPI_IMAGES = YES;
				INFOPLIST_FILE = "metal polaris multipasses depth buffer/Info.plist";
				LD_RUNPATH_SEARCH_PATHS = "$(inherited) @executable_path/../Frameworks";
				PRODUCT_BUNDLE_IDENTIFIER = "iluac-software.metal-polaris-multipasses-depth-buffer";
				PRODUCT_NAME = "$(TARGET_NAME)";
			};
			name = Release;
		};
/* End XCBuildConfiguration section */

/* Begin XCConfigurationList section */
		3D74DED11E166ADE0047A560 /* Build configuration list for PBXProject "metal polaris multipasses depth buffer" */ = {
			isa = XCConfigurationList;
			buildConfigurations = (
				3D74DEE51E166ADE0047A560 /* Debug */,
				3D74DEE61E166ADE0047A560 /* Release */,
			);
			defaultConfigurationIsVisible = 0;
			defaultConfigurationName = Release;
		};
		3D74DEE71E166ADE0047A560 /* Build configuration list for PBXNativeTarget "metal polaris multipasses depth buffer" */ = {
			isa = XCConfigurationList;
			buildConfigurations = (
				3D74DEE81E166ADE0047A560 /* Debug */,
				3D74DEE91E166ADE0047A560 /* Release */,
			);
			defaultConfigurationIsVisible = 0;
			defaultConfigurationName = Release;
		};
/* End XCConfigurationList section */
	};
	rootObject = 3D74DECE1E166ADE0047A560 /* Project object */;
}
